
Microsoft Visual Studio Solution File, Format Version 12.00
# Visual Studio 15
VisualStudioVersion = 15.0.27130.2020
MinimumVisualStudioVersion = 10.0.40219.1
Project("{FAE04EC0-301F-11D3-BF4B-00C04F79EFBC}") = "UmbrellaFitsIo", "UmbrellaFitsIo\UmbrellaFitsIo.csproj", "{9837FA6B-B7B7-49A1-A33F-CFB557652814}"
EndProject
Project("{FAE04EC0-301F-11D3-BF4B-00C04F79EFBC}") = "UmbrellaSharedBase", "UmbrellaSharedBase\UmbrellaSharedBase.csproj", "{1F30DC02-4ACB-4E11-85CB-827EC6F9CDCB}"
EndProject
Project("{FAE04EC0-301F-11D3-BF4B-00C04F79EFBC}") = "ConfigurableUmbrellaBatch", "ConfigurableUmbrellaBatch\ConfigurableUmbrellaBatch.csproj", "{297DF755-CD70-4034-8450-1E4E4BBF0330}"
EndProject
Project("{FAE04EC0-301F-11D3-BF4B-00C04F79EFBC}") = "UmbrellaPortableNumerical", "UmbrellaPortableNumerical\UmbrellaPortableNumerical.csproj", "{C04015A0-7F9C-4FE3-A7A8-10FB22ABBE87}"
EndProject
Project("{FAE04EC0-301F-11D3-BF4B-00C04F79EFBC}") = "UmbrellaPipelineExtraIO", "UmbrellaPipelineExtraIO\UmbrellaPipelineExtraIO.csproj", "{E8302E15-520F-4812-A824-E05FC3831CDD}"
EndProject
Project("{FAE04EC0-301F-11D3-BF4B-00C04F79EFBC}") = "UmbrellaWinformsVisualizer", "UmbrellaWinformsVisualizer\UmbrellaWinformsVisualizer.csproj", "{4F21CBA3-0DF0-4F59-B4AD-117B73B4184E}"
EndProject
Project("{FAE04EC0-301F-11D3-BF4B-00C04F79EFBC}") = "NearbyIO", "NearbyIO\NearbyIO.csproj", "{F182B0C5-86E5-4A47-B532-57D2C91DD679}"
EndProject
Project("{FAE04EC0-301F-11D3-BF4B-00C04F79EFBC}") = "UmbrellaAlgorithmsFramework", "UmbrellaAlgorithmsFramework\UmbrellaAlgorithmsFramework.csproj", "{E9384B08-F76C-4096-8BF0-A6515E6B6DEA}"
EndProject
Project("{FAE04EC0-301F-11D3-BF4B-00C04F79EFBC}") = "Umbrella2.Algorithms.Images", "Umbrella2.Algorithms.Images\Umbrella2.Algorithms.Images.csproj", "{65517845-3A00-452E-8621-EBD06076684D}"
EndProject
Project("{FAE04EC0-301F-11D3-BF4B-00C04F79EFBC}") = "Umbrella2.Algorithms.Detections", "Umbrella2.Algorithms.Detections\Umbrella2.Algorithms.Detections.csproj", "{F503CB75-B6C8-4137-B499-72AEABEA9159}"
EndProject
Global
	GlobalSection(SolutionConfigurationPlatforms) = preSolution
		Debug|Any CPU = Debug|Any CPU
		Debug|x64 = Debug|x64
		Release|Any CPU = Release|Any CPU
		Release|x64 = Release|x64
	EndGlobalSection
	GlobalSection(ProjectConfigurationPlatforms) = postSolution
		{9837FA6B-B7B7-49A1-A33F-CFB557652814}.Debug|Any CPU.ActiveCfg = Debug|Any CPU
		{9837FA6B-B7B7-49A1-A33F-CFB557652814}.Debug|Any CPU.Build.0 = Debug|Any CPU
		{9837FA6B-B7B7-49A1-A33F-CFB557652814}.Debug|x64.ActiveCfg = Debug|Any CPU
		{9837FA6B-B7B7-49A1-A33F-CFB557652814}.Debug|x64.Build.0 = Debug|Any CPU
		{9837FA6B-B7B7-49A1-A33F-CFB557652814}.Release|Any CPU.ActiveCfg = Release|Any CPU
		{9837FA6B-B7B7-49A1-A33F-CFB557652814}.Release|Any CPU.Build.0 = Release|Any CPU
		{9837FA6B-B7B7-49A1-A33F-CFB557652814}.Release|x64.ActiveCfg = Release|Any CPU
		{9837FA6B-B7B7-49A1-A33F-CFB557652814}.Release|x64.Build.0 = Release|Any CPU
		{1F30DC02-4ACB-4E11-85CB-827EC6F9CDCB}.Debug|Any CPU.ActiveCfg = Debug|Any CPU
		{1F30DC02-4ACB-4E11-85CB-827EC6F9CDCB}.Debug|Any CPU.Build.0 = Debug|Any CPU
		{1F30DC02-4ACB-4E11-85CB-827EC6F9CDCB}.Debug|x64.ActiveCfg = Debug|Any CPU
		{1F30DC02-4ACB-4E11-85CB-827EC6F9CDCB}.Debug|x64.Build.0 = Debug|Any CPU
		{1F30DC02-4ACB-4E11-85CB-827EC6F9CDCB}.Release|Any CPU.ActiveCfg = Release|Any CPU
		{1F30DC02-4ACB-4E11-85CB-827EC6F9CDCB}.Release|Any CPU.Build.0 = Release|Any CPU
		{1F30DC02-4ACB-4E11-85CB-827EC6F9CDCB}.Release|x64.ActiveCfg = Release|Any CPU
		{1F30DC02-4ACB-4E11-85CB-827EC6F9CDCB}.Release|x64.Build.0 = Release|Any CPU
		{297DF755-CD70-4034-8450-1E4E4BBF0330}.Debug|Any CPU.ActiveCfg = Debug|Any CPU
		{297DF755-CD70-4034-8450-1E4E4BBF0330}.Debug|Any CPU.Build.0 = Debug|Any CPU
		{297DF755-CD70-4034-8450-1E4E4BBF0330}.Debug|x64.ActiveCfg = Debug|x64
		{297DF755-CD70-4034-8450-1E4E4BBF0330}.Debug|x64.Build.0 = Debug|x64
		{297DF755-CD70-4034-8450-1E4E4BBF0330}.Release|Any CPU.ActiveCfg = Release|Any CPU
		{297DF755-CD70-4034-8450-1E4E4BBF0330}.Release|Any CPU.Build.0 = Release|Any CPU
		{297DF755-CD70-4034-8450-1E4E4BBF0330}.Release|x64.ActiveCfg = Release|x64
		{297DF755-CD70-4034-8450-1E4E4BBF0330}.Release|x64.Build.0 = Release|x64
		{C04015A0-7F9C-4FE3-A7A8-10FB22ABBE87}.Debug|Any CPU.ActiveCfg = Debug|Any CPU
		{C04015A0-7F9C-4FE3-A7A8-10FB22ABBE87}.Debug|Any CPU.Build.0 = Debug|Any CPU
		{C04015A0-7F9C-4FE3-A7A8-10FB22ABBE87}.Debug|x64.ActiveCfg = Debug|Any CPU
		{C04015A0-7F9C-4FE3-A7A8-10FB22ABBE87}.Debug|x64.Build.0 = Debug|Any CPU
		{C04015A0-7F9C-4FE3-A7A8-10FB22ABBE87}.Release|Any CPU.ActiveCfg = Release|Any CPU
		{C04015A0-7F9C-4FE3-A7A8-10FB22ABBE87}.Release|Any CPU.Build.0 = Release|Any CPU
		{C04015A0-7F9C-4FE3-A7A8-10FB22ABBE87}.Release|x64.ActiveCfg = Release|Any CPU
		{C04015A0-7F9C-4FE3-A7A8-10FB22ABBE87}.Release|x64.Build.0 = Release|Any CPU
		{E8302E15-520F-4812-A824-E05FC3831CDD}.Debug|Any CPU.ActiveCfg = Debug|Any CPU
		{E8302E15-520F-4812-A824-E05FC3831CDD}.Debug|Any CPU.Build.0 = Debug|Any CPU
		{E8302E15-520F-4812-A824-E05FC3831CDD}.Debug|x64.ActiveCfg = Debug|Any CPU
		{E8302E15-520F-4812-A824-E05FC3831CDD}.Debug|x64.Build.0 = Debug|Any CPU
		{E8302E15-520F-4812-A824-E05FC3831CDD}.Release|Any CPU.ActiveCfg = Release|Any CPU
		{E8302E15-520F-4812-A824-E05FC3831CDD}.Release|Any CPU.Build.0 = Release|Any CPU
		{E8302E15-520F-4812-A824-E05FC3831CDD}.Release|x64.ActiveCfg = Release|Any CPU
		{E8302E15-520F-4812-A824-E05FC3831CDD}.Release|x64.Build.0 = Release|Any CPU
		{4F21CBA3-0DF0-4F59-B4AD-117B73B4184E}.Debug|Any CPU.ActiveCfg = Debug|Any CPU
		{4F21CBA3-0DF0-4F59-B4AD-117B73B4184E}.Debug|Any CPU.Build.0 = Debug|Any CPU
		{4F21CBA3-0DF0-4F59-B4AD-117B73B4184E}.Debug|x64.ActiveCfg = Debug|Any CPU
		{4F21CBA3-0DF0-4F59-B4AD-117B73B4184E}.Debug|x64.Build.0 = Debug|Any CPU
		{4F21CBA3-0DF0-4F59-B4AD-117B73B4184E}.Release|Any CPU.ActiveCfg = Release|Any CPU
		{4F21CBA3-0DF0-4F59-B4AD-117B73B4184E}.Release|Any CPU.Build.0 = Release|Any CPU
		{4F21CBA3-0DF0-4F59-B4AD-117B73B4184E}.Release|x64.ActiveCfg = Release|Any CPU
		{4F21CBA3-0DF0-4F59-B4AD-117B73B4184E}.Release|x64.Build.0 = Release|Any CPU
		{F182B0C5-86E5-4A47-B532-57D2C91DD679}.Debug|Any CPU.ActiveCfg = Debug|Any CPU
		{F182B0C5-86E5-4A47-B532-57D2C91DD679}.Debug|Any CPU.Build.0 = Debug|Any CPU
		{F182B0C5-86E5-4A47-B532-57D2C91DD679}.Debug|x64.ActiveCfg = Debug|Any CPU
		{F182B0C5-86E5-4A47-B532-57D2C91DD679}.Debug|x64.Build.0 = Debug|Any CPU
		{F182B0C5-86E5-4A47-B532-57D2C91DD679}.Release|Any CPU.ActiveCfg = Release|Any CPU
		{F182B0C5-86E5-4A47-B532-57D2C91DD679}.Release|Any CPU.Build.0 = Release|Any CPU
		{F182B0C5-86E5-4A47-B532-57D2C91DD679}.Release|x64.ActiveCfg = Release|Any CPU
		{F182B0C5-86E5-4A47-B532-57D2C91DD679}.Release|x64.Build.0 = Release|Any CPU
		{E9384B08-F76C-4096-8BF0-A6515E6B6DEA}.Debug|Any CPU.ActiveCfg = Debug|Any CPU
		{E9384B08-F76C-4096-8BF0-A6515E6B6DEA}.Debug|Any CPU.Build.0 = Debug|Any CPU
		{E9384B08-F76C-4096-8BF0-A6515E6B6DEA}.Debug|x64.ActiveCfg = Debug|Any CPU
		{E9384B08-F76C-4096-8BF0-A6515E6B6DEA}.Debug|x64.Build.0 = Debug|Any CPU
		{E9384B08-F76C-4096-8BF0-A6515E6B6DEA}.Release|Any CPU.ActiveCfg = Release|Any CPU
		{E9384B08-F76C-4096-8BF0-A6515E6B6DEA}.Release|Any CPU.Build.0 = Release|Any CPU
		{E9384B08-F76C-4096-8BF0-A6515E6B6DEA}.Release|x64.ActiveCfg = Release|Any CPU
		{E9384B08-F76C-4096-8BF0-A6515E6B6DEA}.Release|x64.Build.0 = Release|Any CPU
		{65517845-3A00-452E-8621-EBD06076684D}.Debug|Any CPU.ActiveCfg = Debug|Any CPU
		{65517845-3A00-452E-8621-EBD06076684D}.Debug|Any CPU.Build.0 = Debug|Any CPU
		{65517845-3A00-452E-8621-EBD06076684D}.Debug|x64.ActiveCfg = Debug|Any CPU
		{65517845-3A00-452E-8621-EBD06076684D}.Debug|x64.Build.0 = Debug|Any CPU
		{65517845-3A00-452E-8621-EBD06076684D}.Release|Any CPU.ActiveCfg = Release|Any CPU
		{65517845-3A00-452E-8621-EBD06076684D}.Release|Any CPU.Build.0 = Release|Any CPU
		{65517845-3A00-452E-8621-EBD06076684D}.Release|x64.ActiveCfg = Release|Any CPU
		{65517845-3A00-452E-8621-EBD06076684D}.Release|x64.Build.0 = Release|Any CPU
		{F503CB75-B6C8-4137-B499-72AEABEA9159}.Debug|Any CPU.ActiveCfg = Debug|Any CPU
		{F503CB75-B6C8-4137-B499-72AEABEA9159}.Debug|Any CPU.Build.0 = Debug|Any CPU
		{F503CB75-B6C8-4137-B499-72AEABEA9159}.Debug|x64.ActiveCfg = Debug|Any CPU
		{F503CB75-B6C8-4137-B499-72AEABEA9159}.Debug|x64.Build.0 = Debug|Any CPU
		{F503CB75-B6C8-4137-B499-72AEABEA9159}.Release|Any CPU.ActiveCfg = Release|Any CPU
		{F503CB75-B6C8-4137-B499-72AEABEA9159}.Release|Any CPU.Build.0 = Release|Any CPU
		{F503CB75-B6C8-4137-B499-72AEABEA9159}.Release|x64.ActiveCfg = Release|Any CPU
		{F503CB75-B6C8-4137-B499-72AEABEA9159}.Release|x64.Build.0 = Release|Any CPU
	EndGlobalSection
	GlobalSection(SolutionProperties) = preSolution
		HideSolutionNode = FALSE
	EndGlobalSection
	GlobalSection(ExtensibilityGlobals) = postSolution
		SolutionGuid = {2C7E9729-A9D8-42E2-A7C2-1CE6907C85E0}
	EndGlobalSection
EndGlobal
